
Microsoft Visual Studio Solution File, Format Version 12.00
# Visual Studio Version 18
VisualStudioVersion = 18.2.11408.102 d18.0
MinimumVisualStudioVersion = 10.0.40219.1
Project("{FAE04EC0-301F-11D3-BF4B-00C04F79EFBC}") = "QuickFeedback.Api", "QuickFeedback.Api.csproj", "{96A8FAC7-8831-7BC9-994B-3280F534EA7B}"
EndProject
Global
	GlobalSection(SolutionConfigurationPlatforms) = preSolution
		Debug|Any CPU = Debug|Any CPU
		Release|Any CPU = Release|Any CPU
	EndGlobalSection
	GlobalSection(ProjectConfigurationPlatforms) = postSolution
		{96A8FAC7-8831-7BC9-994B-3280F534EA7B}.Debug|Any CPU.ActiveCfg = Debug|Any CPU
		{96A8FAC7-8831-7BC9-994B-3280F534EA7B}.Debug|Any CPU.Build.0 = Debug|Any CPU
		{96A8FAC7-8831-7BC9-994B-3280F534EA7B}.Release|Any CPU.ActiveCfg = Release|Any CPU
		{96A8FAC7-8831-7BC9-994B-3280F534EA7B}.Release|Any CPU.Build.0 = Release|Any CPU
	EndGlobalSection
	GlobalSection(SolutionProperties) = preSolution
		HideSolutionNode = FALSE
	EndGlobalSection
	GlobalSection(ExtensibilityGlobals) = postSolution
		SolutionGuid = {012F9227-2F69-4045-B96F-0D7576D68F6D}
	EndGlobalSection
EndGlobal
